// !$*UTF8*$!
{
	archiveVersion = 1;
	classes = {
	};
	objectVersion = 55;
	objects = {

/* Begin PBXBuildFile section */
		AE0B291F27F4F6E9002DD4E0 /* AppDelegate.swift in Sources */ = {isa = PBXBuildFile; fileRef = AE0B291E27F4F6E9002DD4E0 /* AppDelegate.swift */; };
		AE0B292127F4F6E9002DD4E0 /* SceneDelegate.swift in Sources */ = {isa = PBXBuildFile; fileRef = AE0B292027F4F6E9002DD4E0 /* SceneDelegate.swift */; };
		AE0B292327F4F6E9002DD4E0 /* ViewController.swift in Sources */ = {isa = PBXBuildFile; fileRef = AE0B292227F4F6E9002DD4E0 /* ViewController.swift */; };
		AE0B292827F4F6E9002DD4E0 /* Assets.xcassets in Resources */ = {isa = PBXBuildFile; fileRef = AE0B292727F4F6E9002DD4E0 /* Assets.xcassets */; };
		AE0B292B27F4F6E9002DD4E0 /* LaunchScreen.storyboard in Resources */ = {isa = PBXBuildFile; fileRef = AE0B292927F4F6E9002DD4E0 /* LaunchScreen.storyboard */; };
		AE0B293327F4F78D002DD4E0 /* MyLeftCustomFlowLayout.swift in Sources */ = {isa = PBXBuildFile; fileRef = AE0B293227F4F78D002DD4E0 /* MyLeftCustomFlowLayout.swift */; };
		AE0B293527F4F7AD002DD4E0 /* NetworkManager.swift in Sources */ = {isa = PBXBuildFile; fileRef = AE0B293427F4F7AD002DD4E0 /* NetworkManager.swift */; };
		AE0B293727F4F7C5002DD4E0 /* CurrentData.swift in Sources */ = {isa = PBXBuildFile; fileRef = AE0B293627F4F7C5002DD4E0 /* CurrentData.swift */; };
		AE0B293927F4F7D6002DD4E0 /* Model.swift in Sources */ = {isa = PBXBuildFile; fileRef = AE0B293827F4F7D6002DD4E0 /* Model.swift */; };
		AE0B293B27F4F81D002DD4E0 /* CustomCollectionViewCell.swift in Sources */ = {isa = PBXBuildFile; fileRef = AE0B293A27F4F81D002DD4E0 /* CustomCollectionViewCell.swift */; };
		C213468F5CC3296C6D8CCB92 /* Pods_TestTask.framework in Frameworks */ = {isa = PBXBuildFile; fileRef = 1D455758AA19A5283A53E1C5 /* Pods_TestTask.framework */; };
/* End PBXBuildFile section */

/* Begin PBXFileReference section */
		1D455758AA19A5283A53E1C5 /* Pods_TestTask.framework */ = {isa = PBXFileReference; explicitFileType = wrapper.framework; includeInIndex = 0; path = Pods_TestTask.framework; sourceTree = BUILT_PRODUCTS_DIR; };
		AE0B291B27F4F6E9002DD4E0 /* TestTask.app */ = {isa = PBXFileReference; explicitFileType = wrapper.application; includeInIndex = 0; path = TestTask.app; sourceTree = BUILT_PRODUCTS_DIR; };
		AE0B291E27F4F6E9002DD4E0 /* AppDelegate.swift */ = {isa = PBXFileReference; lastKnownFileType = sourcecode.swift; path = AppDelegate.swift; sourceTree = "<group>"; };
		AE0B292027F4F6E9002DD4E0 /* SceneDelegate.swift */ = {isa = PBXFileReference; lastKnownFileType = sourcecode.swift; path = SceneDelegate.swift; sourceTree = "<group>"; };
		AE0B292227F4F6E9002DD4E0 /* ViewController.swift */ = {isa = PBXFileReference; lastKnownFileType = sourcecode.swift; path = ViewController.swift; sourceTree = "<group>"; };
		AE0B292727F4F6E9002DD4E0 /* Assets.xcassets */ = {isa = PBXFileReference; lastKnownFileType = folder.assetcatalog; path = Assets.xcassets; sourceTree = "<group>"; };
		AE0B292A27F4F6E9002DD4E0 /* Base */ = {isa = PBXFileReference; lastKnownFileType = file.storyboard; name = Base; path = Base.lproj/LaunchScreen.storyboard; sourceTree = "<group>"; };
		AE0B292C27F4F6E9002DD4E0 /* Info.plist */ = {isa = PBXFileReference; lastKnownFileType = text.plist.xml; path = Info.plist; sourceTree = "<group>"; };
		AE0B293227F4F78D002DD4E0 /* MyLeftCustomFlowLayout.swift */ = {isa = PBXFileReference; lastKnownFileType = sourcecode.swift; path = MyLeftCustomFlowLayout.swift; sourceTree = "<group>"; };
		AE0B293427F4F7AD002DD4E0 /* NetworkManager.swift */ = {isa = PBXFileReference; lastKnownFileType = sourcecode.swift; path = NetworkManager.swift; sourceTree = "<group>"; };
		AE0B293627F4F7C5002DD4E0 /* CurrentData.swift */ = {isa = PBXFileReference; lastKnownFileType = sourcecode.swift; path = CurrentData.swift; sourceTree = "<group>"; };
		AE0B293827F4F7D6002DD4E0 /* Model.swift */ = {isa = PBXFileReference; lastKnownFileType = sourcecode.swift; path = Model.swift; sourceTree = "<group>"; };
		AE0B293A27F4F81D002DD4E0 /* CustomCollectionViewCell.swift */ = {isa = PBXFileReference; lastKnownFileType = sourcecode.swift; path = CustomCollectionViewCell.swift; sourceTree = "<group>"; };
		BC9F8CDD1F5C5C94579429BB /* Pods-TestTask.release.xcconfig */ = {isa = PBXFileReference; includeInIndex = 1; lastKnownFileType = text.xcconfig; name = "Pods-TestTask.release.xcconfig"; path = "Target Support Files/Pods-TestTask/Pods-TestTask.release.xcconfig"; sourceTree = "<group>"; };
		BCA9B80C41D330AFBBA1E47D /* Pods-TestTask.debug.xcconfig */ = {isa = PBXFileReference; includeInIndex = 1; lastKnownFileType = text.xcconfig; name = "Pods-TestTask.debug.xcconfig"; path = "Target Support Files/Pods-TestTask/Pods-TestTask.debug.xcconfig"; sourceTree = "<group>"; };
/* End PBXFileReference section */

/* Begin PBXFrameworksBuildPhase section */
		AE0B291827F4F6E9002DD4E0 /* Frameworks */ = {
			isa = PBXFrameworksBuildPhase;
			buildActionMask = 2147483647;
			files = (
				C213468F5CC3296C6D8CCB92 /* Pods_TestTask.framework in Frameworks */,
			);
			runOnlyForDeploymentPostprocessing = 0;
		};
/* End PBXFrameworksBuildPhase section */

/* Begin PBXGroup section */
		426025ED4682441A75D4A542 /* Frameworks */ = {
			isa = PBXGroup;
			children = (
				1D455758AA19A5283A53E1C5 /* Pods_TestTask.framework */,
			);
			name = Frameworks;
			sourceTree = "<group>";
		};
		AE0B291227F4F6E9002DD4E0 = {
			isa = PBXGroup;
			children = (
				AE0B291D27F4F6E9002DD4E0 /* TestTask */,
				AE0B291C27F4F6E9002DD4E0 /* Products */,
				C0E2498BFBB451998D725659 /* Pods */,
				426025ED4682441A75D4A542 /* Frameworks */,
			);
			sourceTree = "<group>";
		};
		AE0B291C27F4F6E9002DD4E0 /* Products */ = {
			isa = PBXGroup;
			children = (
				AE0B291B27F4F6E9002DD4E0 /* TestTask.app */,
			);
			name = Products;
			sourceTree = "<group>";
		};
		AE0B291D27F4F6E9002DD4E0 /* TestTask */ = {
			isa = PBXGroup;
			children = (
				AE0B291E27F4F6E9002DD4E0 /* AppDelegate.swift */,
				AE0B292027F4F6E9002DD4E0 /* SceneDelegate.swift */,
				AE0B292227F4F6E9002DD4E0 /* ViewController.swift */,
				AE0B293A27F4F81D002DD4E0 /* CustomCollectionViewCell.swift */,
				AE0B293427F4F7AD002DD4E0 /* NetworkManager.swift */,
				AE0B293627F4F7C5002DD4E0 /* CurrentData.swift */,
				AE0B293827F4F7D6002DD4E0 /* Model.swift */,
				AE0B293227F4F78D002DD4E0 /* MyLeftCustomFlowLayout.swift */,
				AE0B292727F4F6E9002DD4E0 /* Assets.xcassets */,
				AE0B292927F4F6E9002DD4E0 /* LaunchScreen.storyboard */,
				AE0B292C27F4F6E9002DD4E0 /* Info.plist */,
			);
			path = TestTask;
			sourceTree = "<group>";
		};
		C0E2498BFBB451998D725659 /* Pods */ = {
			isa = PBXGroup;
			children = (
				BCA9B80C41D330AFBBA1E47D /* Pods-TestTask.debug.xcconfig */,
				BC9F8CDD1F5C5C94579429BB /* Pods-TestTask.release.xcconfig */,
			);
			path = Pods;
			sourceTree = "<group>";
		};
/* End PBXGroup section */

/* Begin PBXNativeTarget section */
		AE0B291A27F4F6E9002DD4E0 /* TestTask */ = {
			isa = PBXNativeTarget;
			buildConfigurationList = AE0B292F27F4F6E9002DD4E0 /* Build configuration list for PBXNativeTarget "TestTask" */;
			buildPhases = (
				26982791C3369BCD4025B0DD /* [CP] Check Pods Manifest.lock */,
				AE0B291727F4F6E9002DD4E0 /* Sources */,
				AE0B291827F4F6E9002DD4E0 /* Frameworks */,
				AE0B291927F4F6E9002DD4E0 /* Resources */,
				0D6FDD6CF8FF872799995F25 /* [CP] Embed Pods Frameworks */,
			);
			buildRules = (
			);
			dependencies = (
			);
			name = TestTask;
			productName = TestTask;
			productReference = AE0B291B27F4F6E9002DD4E0 /* TestTask.app */;
			productType = "com.apple.product-type.application";
		};
/* End PBXNativeTarget section */

/* Begin PBXProject section */
		AE0B291327F4F6E9002DD4E0 /* Project object */ = {
			isa = PBXProject;
			attributes = {
				BuildIndependentTargetsInParallel = 1;
				LastSwiftUpdateCheck = 1320;
				LastUpgradeCheck = 1320;
				TargetAttributes = {
					AE0B291A27F4F6E9002DD4E0 = {
						CreatedOnToolsVersion = 13.2.1;
					};
				};
			};
			buildConfigurationList = AE0B291627F4F6E9002DD4E0 /* Build configuration list for PBXProject "TestTask" */;
			compatibilityVersion = "Xcode 13.0";
			developmentRegion = en;
			hasScannedForEncodings = 0;
			knownRegions = (
				en,
				Base,
			);
			mainGroup = AE0B291227F4F6E9002DD4E0;
			productRefGroup = AE0B291C27F4F6E9002DD4E0 /* Products */;
			projectDirPath = "";
			projectRoot = "";
			targets = (
				AE0B291A27F4F6E9002DD4E0 /* TestTask */,
			);
		};
/* End PBXProject section */

/* Begin PBXResourcesBuildPhase section */
		AE0B291927F4F6E9002DD4E0 /* Resources */ = {
			isa = PBXResourcesBuildPhase;
			buildActionMask = 2147483647;
			files = (
				AE0B292B27F4F6E9002DD4E0 /* LaunchScreen.storyboard in Resources */,
				AE0B292827F4F6E9002DD4E0 /* Assets.xcassets in Resources */,
			);
			runOnlyForDeploymentPostprocessing = 0;
		};
/* End PBXResourcesBuildPhase section */

/* Begin PBXShellScriptBuildPhase section */
		0D6FDD6CF8FF872799995F25 /* [CP] Embed Pods Frameworks */ = {
			isa = PBXShellScriptBuildPhase;
			buildActionMask = 2147483647;
			files = (
			);
			inputFileListPaths = (
				"${PODS_ROOT}/Target Support Files/Pods-TestTask/Pods-TestTask-frameworks-${CONFIGURATION}-input-files.xcfilelist",
			);
			name = "[CP] Embed Pods Frameworks";
			outputFileListPaths = (
				"${PODS_ROOT}/Target Support Files/Pods-TestTask/Pods-TestTask-frameworks-${CONFIGURATION}-output-files.xcfilelist",
			);
			runOnlyForDeploymentPostprocessing = 0;
			shellPath = /bin/sh;
			shellScript = "\"${PODS_ROOT}/Target Support Files/Pods-TestTask/Pods-TestTask-frameworks.sh\"\n";
			showEnvVarsInLog = 0;
		};
		26982791C3369BCD4025B0DD /* [CP] Check Pods Manifest.lock */ = {
			isa = PBXShellScriptBuildPhase;
			buildActionMask = 2147483647;
			files = (
			);
			inputFileListPaths = (
			);
			inputPaths = (
				"${PODS_PODFILE_DIR_PATH}/Podfile.lock",
				"${PODS_ROOT}/Manifest.lock",
			);
			name = "[CP] Check Pods Manifest.lock";
			outputFileListPaths = (
			);
			outputPaths = (
				"$(DERIVED_FILE_DIR)/Pods-TestTask-checkManifestLockResult.txt",
			);
			runOnlyForDeploymentPostprocessing = 0;
			shellPath = /bin/sh;
			shellScript = "diff \"${PODS_PODFILE_DIR_PATH}/Podfile.lock\" \"${PODS_ROOT}/Manifest.lock\" > /dev/null\nif [ $? != 0 ] ; then\n    # print error to STDERR\n    echo \"error: The sandbox is not in sync with the Podfile.lock. Run 'pod install' or update your CocoaPods installation.\" >&2\n    exit 1\nfi\n# This output is used by Xcode 'outputs' to avoid re-running this script phase.\necho \"SUCCESS\" > \"${SCRIPT_OUTPUT_FILE_0}\"\n";
			showEnvVarsInLog = 0;
		};
/* End PBXShellScriptBuildPhase section */

/* Begin PBXSourcesBuildPhase section */
		AE0B291727F4F6E9002DD4E0 /* Sources */ = {
			isa = PBXSourcesBuildPhase;
			buildActionMask = 2147483647;
			files = (
				AE0B293927F4F7D6002DD4E0 /* Model.swift in Sources */,
				AE0B292327F4F6E9002DD4E0 /* ViewController.swift in Sources */,
				AE0B293727F4F7C5002DD4E0 /* CurrentData.swift in Sources */,
				AE0B293B27F4F81D002DD4E0 /* CustomCollectionViewCell.swift in Sources */,
				AE0B293327F4F78D002DD4E0 /* MyLeftCustomFlowLayout.swift in Sources */,
				AE0B293527F4F7AD002DD4E0 /* NetworkManager.swift in Sources */,
				AE0B291F27F4F6E9002DD4E0 /* AppDelegate.swift in Sources */,
				AE0B292127F4F6E9002DD4E0 /* SceneDelegate.swift in Sources */,
			);
			runOnlyForDeploymentPostprocessing = 0;
		};
/* End PBXSourcesBuildPhase section */

/* Begin PBXVariantGroup section */
		AE0B292927F4F6E9002DD4E0 /* LaunchScreen.storyboard */ = {
			isa = PBXVariantGroup;
			children = (
				AE0B292A27F4F6E9002DD4E0 /* Base */,
			);
			name = LaunchScreen.storyboard;
			sourceTree = "<group>";
		};
/* End PBXVariantGroup section */

/* Begin XCBuildConfiguration section */
		AE0B292D27F4F6E9002DD4E0 /* Debug */ = {
			isa = XCBuildConfiguration;
			buildSettings = {
				ALWAYS_SEARCH_USER_PATHS = NO;
				CLANG_ANALYZER_NONNULL = YES;
				CLANG_ANALYZER_NUMBER_OBJECT_CONVERSION = YES_AGGRESSIVE;
				CLANG_CXX_LANGUAGE_STANDARD = "gnu++17";
				CLANG_CXX_LIBRARY = "libc++";
				CLANG_ENABLE_MODULES = YES;
				CLANG_ENABLE_OBJC_ARC = YES;
				CLANG_ENABLE_OBJC_WEAK = YES;
				CLANG_WARN_BLOCK_CAPTURE_AUTORELEASING = YES;
				CLANG_WARN_BOOL_CONVERSION = YES;
				CLANG_WARN_COMMA = YES;
				CLANG_WARN_CONSTANT_CONVERSION = YES;
				CLANG_WARN_DEPRECATED_OBJC_IMPLEMENTATIONS = YES;
				CLANG_WARN_DIRECT_OBJC_ISA_USAGE = YES_ERROR;
				CLANG_WARN_DOCUMENTATION_COMMENTS = YES;
				CLANG_WARN_EMPTY_BODY = YES;
				CLANG_WARN_ENUM_CONVERSION = YES;
				CLANG_WARN_INFINITE_RECURSION = YES;
				CLANG_WARN_INT_CONVERSION = YES;
				CLANG_WARN_NON_LITERAL_NULL_CONVERSION = YES;
				CLANG_WARN_OBJC_IMPLICIT_RETAIN_SELF = YES;
				CLANG_WARN_OBJC_LITERAL_CONVERSION = YES;
				CLANG_WARN_OBJC_ROOT_CLASS = YES_ERROR;
				CLANG_WARN_QUOTED_INCLUDE_IN_FRAMEWORK_HEADER = YES;
				CLANG_WARN_RANGE_LOOP_ANALYSIS = YES;
				CLANG_WARN_STRICT_PROTOTYPES = YES;
				CLANG_WARN_SUSPICIOUS_MOVE = YES;
				CLANG_WARN_UNGUARDED_AVAILABILITY = YES_AGGRESSIVE;
				CLANG_WARN_UNREACHABLE_CODE = YES;
				CLANG_WARN__DUPLICATE_METHOD_MATCH = YES;
				COPY_PHASE_STRIP = NO;
				DEBUG_INFORMATION_FORMAT = dwarf;
				ENABLE_STRICT_OBJC_MSGSEND = YES;
				ENABLE_TESTABILITY = YES;
				GCC_C_LANGUAGE_STANDARD = gnu11;
				GCC_DYNAMIC_NO_PIC = NO;
				GCC_NO_COMMON_BLOCKS = YES;
				GCC_OPTIMIZATION_LEVEL = 0;
				GCC_PREPROCESSOR_DEFINITIONS = (
					"DEBUG=1",
					"$(inherited)",
				);
				GCC_WARN_64_TO_32_BIT_CONVERSION = YES;
				GCC_WARN_ABOUT_RETURN_TYPE = YES_ERROR;
				GCC_WARN_UNDECLARED_SELECTOR = YES;
				GCC_WARN_UNINITIALIZED_AUTOS = YES_AGGRESSIVE;
				GCC_WARN_UNUSED_FUNCTION = YES;
				GCC_WARN_UNUSED_VARIABLE = YES;
				IPHONEOS_DEPLOYMENT_TARGET = 15.2;
				MTL_ENABLE_DEBUG_INFO = INCLUDE_SOURCE;
				MTL_FAST_MATH = YES;
				ONLY_ACTIVE_ARCH = YES;
				SDKROOT = iphoneos;
				SWIFT_ACTIVE_COMPILATION_CONDITIONS = DEBUG;
				SWIFT_OPTIMIZATION_LEVEL = "-Onone";
			};
			name = Debug;
		};
		AE0B292E27F4F6E9002DD4E0 /* Release */ = {
			isa = XCBuildConfiguration;
			buildSettings = {
				ALWAYS_SEARCH_USER_PATHS = NO;
				CLANG_ANALYZER_NONNULL = YES;
				CLANG_ANALYZER_NUMBER_OBJECT_CONVERSION = YES_AGGRESSIVE;
				CLANG_CXX_LANGUAGE_STANDARD = "gnu++17";
				CLANG_CXX_LIBRARY = "libc++";
				CLANG_ENABLE_MODULES = YES;
				CLANG_ENABLE_OBJC_ARC = YES;
				CLANG_ENABLE_OBJC_WEAK = YES;
				CLANG_WARN_BLOCK_CAPTURE_AUTORELEASING = YES;
				CLANG_WARN_BOOL_CONVERSION = YES;
				CLANG_WARN_COMMA = YES;
				CLANG_WARN_CONSTANT_CONVERSION = YES;
				CLANG_WARN_DEPRECATED_OBJC_IMPLEMENTATIONS = YES;
				CLANG_WARN_DIRECT_OBJC_ISA_USAGE = YES_ERROR;
				CLANG_WARN_DOCUMENTATION_COMMENTS = YES;
				CLANG_WARN_EMPTY_BODY = YES;
				CLANG_WARN_ENUM_CONVERSION = YES;
				CLANG_WARN_INFINITE_RECURSION = YES;
				CLANG_WARN_INT_CONVERSION = YES;
				CLANG_WARN_NON_LITERAL_NULL_CONVERSION = YES;
				CLANG_WARN_OBJC_IMPLICIT_RETAIN_SELF = YES;
				CLANG_WARN_OBJC_LITERAL_CONVERSION = YES;
				CLANG_WARN_OBJC_ROOT_CLASS = YES_ERROR;
				CLANG_WARN_QUOTED_INCLUDE_IN_FRAMEWORK_HEADER = YES;
				CLANG_WARN_RANGE_LOOP_ANALYSIS = YES;
				CLANG_WARN_STRICT_PROTOTYPES = YES;
				CLANG_WARN_SUSPICIOUS_MOVE = YES;
				CLANG_WARN_UNGUARDED_AVAILABILITY = YES_AGGRESSIVE;
				CLANG_WARN_UNREACHABLE_CODE = YES;
				CLANG_WARN__DUPLICATE_METHOD_MATCH = YES;
				COPY_PHASE_STRIP = NO;
				DEBUG_INFORMATION_FORMAT = "dwarf-with-dsym";
				ENABLE_NS_ASSERTIONS = NO;
				ENABLE_STRICT_OBJC_MSGSEND = YES;
				GCC_C_LANGUAGE_STANDARD = gnu11;
				GCC_NO_COMMON_BLOCKS = YES;
				GCC_WARN_64_TO_32_BIT_CONVERSION = YES;
				GCC_WARN_ABOUT_RETURN_TYPE = YES_ERROR;
				GCC_WARN_UNDECLARED_SELECTOR = YES;
				GCC_WARN_UNINITIALIZED_AUTOS = YES_AGGRESSIVE;
				GCC_WARN_UNUSED_FUNCTION = YES;
				GCC_WARN_UNUSED_VARIABLE = YES;
				IPHONEOS_DEPLOYMENT_TARGET = 15.2;
				MTL_ENABLE_DEBUG_INFO = NO;
				MTL_FAST_MATH = YES;
				SDKROOT = iphoneos;
				SWIFT_COMPILATION_MODE = wholemodule;
				SWIFT_OPTIMIZATION_LEVEL = "-O";
				VALIDATE_PRODUCT = YES;
			};
			name = Release;
		};
		AE0B293027F4F6E9002DD4E0 /* Debug */ = {
			isa = XCBuildConfiguration;
			baseConfigurationReference = BCA9B80C41D330AFBBA1E47D /* Pods-TestTask.debug.xcconfig */;
			buildSettings = {
				ASSETCATALOG_COMPILER_APPICON_NAME = AppIcon;
				ASSETCATALOG_COMPILER_GLOBAL_ACCENT_COLOR_NAME = AccentColor;
				CODE_SIGN_STYLE = Automatic;
				CURRENT_PROJECT_VERSION = 1;
				DEVELOPMENT_TEAM = 45952R9AAB;
				GENERATE_INFOPLIST_FILE = YES;
				INFOPLIST_FILE = TestTask/Info.plist;
				INFOPLIST_KEY_UIApplicationSupportsIndirectInputEvents = YES;
				INFOPLIST_KEY_UILaunchStoryboardName = LaunchScreen;
				INFOPLIST_KEY_UISupportedInterfaceOrientations_iPad = "UIInterfaceOrientationPortrait UIInterfaceOrientationPortraitUpsideDown UIInterfaceOrientationLandscapeLeft UIInterfaceOrientationLandscapeRight";
				INFOPLIST_KEY_UISupportedInterfaceOrientations_iPhone = "UIInterfaceOrientationPortrait UIInterfaceOrientationLandscapeLeft UIInterfaceOrientationLandscapeRight";
				LD_RUNPATH_SEARCH_PATHS = (
					"$(inherited)",
					"@executable_path/Frameworks",
				);
				MARKETING_VERSION = 1.0;
				PRODUCT_BUNDLE_IDENTIFIER = "com.svetik-privetik.TestTask";
				PRODUCT_NAME = "$(TARGET_NAME)";
				SWIFT_EMIT_LOC_STRINGS = YES;
				SWIFT_VERSION = 5.0;
				TARGETED_DEVICE_FAMILY = "1,2";
			};
			name = Debug;
		};
		AE0B293127F4F6E9002DD4E0 /* Release */ = {
			isa = XCBuildConfiguration;
			baseConfigurationReference = BC9F8CDD1F5C5C94579429BB /* Pods-TestTask.release.xcconfig */;
			buildSettings = {
				ASSETCATALOG_COMPILER_APPICON_NAME = AppIcon;
				ASSETCATALOG_COMPILER_GLOBAL_ACCENT_COLOR_NAME = AccentColor;
				CODE_SIGN_STYLE = Automatic;
				CURRENT_PROJECT_VERSION = 1;
				DEVELOPMENT_TEAM = 45952R9AAB;
				GENERATE_INFOPLIST_FILE = YES;
				INFOPLIST_FILE = TestTask/Info.plist;
				INFOPLIST_KEY_UIApplicationSupportsIndirectInputEvents = YES;
				INFOPLIST_KEY_UILaunchStoryboardName = LaunchScreen;
				INFOPLIST_KEY_UISupportedInterfaceOrientations_iPad = "UIInterfaceOrientationPortrait UIInterfaceOrientationPortraitUpsideDown UIInterfaceOrientationLandscapeLeft UIInterfaceOrientationLandscapeRight";
				INFOPLIST_KEY_UISupportedInterfaceOrientations_iPhone = "UIInterfaceOrientationPortrait UIInterfaceOrientationLandscapeLeft UIInterfaceOrientationLandscapeRight";
				LD_RUNPATH_SEARCH_PATHS = (
					"$(inherited)",
					"@executable_path/Frameworks",
				);
				MARKETING_VERSION = 1.0;
				PRODUCT_BUNDLE_IDENTIFIER = "com.svetik-privetik.TestTask";
				PRODUCT_NAME = "$(TARGET_NAME)";
				SWIFT_EMIT_LOC_STRINGS = YES;
				SWIFT_VERSION = 5.0;
				TARGETED_DEVICE_FAMILY = "1,2";
			};
			name = Release;
		};
/* End XCBuildConfiguration section */

/* Begin XCConfigurationList section */
		AE0B291627F4F6E9002DD4E0 /* Build configuration list for PBXProject "TestTask" */ = {
			isa = XCConfigurationList;
			buildConfigurations = (
				AE0B292D27F4F6E9002DD4E0 /* Debug */,
				AE0B292E27F4F6E9002DD4E0 /* Release */,
			);
			defaultConfigurationIsVisible = 0;
			defaultConfigurationName = Release;
		};
		AE0B292F27F4F6E9002DD4E0 /* Build configuration list for PBXNativeTarget "TestTask" */ = {
			isa = XCConfigurationList;
			buildConfigurations = (
				AE0B293027F4F6E9002DD4E0 /* Debug */,
				AE0B293127F4F6E9002DD4E0 /* Release */,
			);
			defaultConfigurationIsVisible = 0;
			defaultConfigurationName = Release;
		};
/* End XCConfigurationList section */
	};
	rootObject = AE0B291327F4F6E9002DD4E0 /* Project object */;
}
